
Microsoft Visual Studio Solution File, Format Version 12.00
# Visual Studio 15
VisualStudioVersion = 15.0.26730.12
MinimumVisualStudioVersion = 10.0.40219.1
Project("{2150E333-8FDC-42A3-9474-1A3956D46DE8}") = "src", "src", "{0289C042-55F0-424E-8016-06976F8B2EF9}"
EndProject
Project("{2150E333-8FDC-42A3-9474-1A3956D46DE8}") = "test", "test", "{B3017005-4E93-4590-9273-C65E784E2C5A}"
EndProject
Project("{9A19103F-16F7-4668-BE54-9A1E7A4F7556}") = "Wercker.TeamService", "src\Wercker.TeamService\Wercker.TeamService.csproj", "{29D282D4-7D10-4C4D-BB70-CBA2774D2776}"
EndProject
Project("{9A19103F-16F7-4668-BE54-9A1E7A4F7556}") = "Wercker.TeamService.IntegrationTests", "test\Wercker.TeamService.IntegrationTests\Wercker.TeamService.IntegrationTests.csproj", "{E4AD8BAC-EA00-41FF-A51A-334E68AA6FC5}"
EndProject
Project("{9A19103F-16F7-4668-BE54-9A1E7A4F7556}") = "Wercker.TeamService.Tests", "test\Wercker.TeamService.Tests\Wercker.TeamService.Tests.csproj", "{CD7D51B7-E7B8-421D-B774-6D807457FB04}"
EndProject
Project("{2150E333-8FDC-42A3-9474-1A3956D46DE8}") = "Solution Items", "Solution Items", "{26487265-405E-4CA9-B242-CE10D1C8F5D4}"
	ProjectSection(SolutionItems) = preProject
		.gitignore = .gitignore
		README.md = README.md
		wercker.yml = wercker.yml
	EndProjectSection
EndProject
Global
	GlobalSection(SolutionConfigurationPlatforms) = preSolution
		Debug|Any CPU = Debug|Any CPU
		Release|Any CPU = Release|Any CPU
	EndGlobalSection
	GlobalSection(ProjectConfigurationPlatforms) = postSolution
		{29D282D4-7D10-4C4D-BB70-CBA2774D2776}.Debug|Any CPU.ActiveCfg = Debug|Any CPU
		{29D282D4-7D10-4C4D-BB70-CBA2774D2776}.Debug|Any CPU.Build.0 = Debug|Any CPU
		{29D282D4-7D10-4C4D-BB70-CBA2774D2776}.Release|Any CPU.ActiveCfg = Release|Any CPU
		{29D282D4-7D10-4C4D-BB70-CBA2774D2776}.Release|Any CPU.Build.0 = Release|Any CPU
		{E4AD8BAC-EA00-41FF-A51A-334E68AA6FC5}.Debug|Any CPU.ActiveCfg = Debug|Any CPU
		{E4AD8BAC-EA00-41FF-A51A-334E68AA6FC5}.Debug|Any CPU.Build.0 = Debug|Any CPU
		{E4AD8BAC-EA00-41FF-A51A-334E68AA6FC5}.Release|Any CPU.ActiveCfg = Release|Any CPU
		{E4AD8BAC-EA00-41FF-A51A-334E68AA6FC5}.Release|Any CPU.Build.0 = Release|Any CPU
		{CD7D51B7-E7B8-421D-B774-6D807457FB04}.Debug|Any CPU.ActiveCfg = Debug|Any CPU
		{CD7D51B7-E7B8-421D-B774-6D807457FB04}.Debug|Any CPU.Build.0 = Debug|Any CPU
		{CD7D51B7-E7B8-421D-B774-6D807457FB04}.Release|Any CPU.ActiveCfg = Release|Any CPU
		{CD7D51B7-E7B8-421D-B774-6D807457FB04}.Release|Any CPU.Build.0 = Release|Any CPU
	EndGlobalSection
	GlobalSection(SolutionProperties) = preSolution
		HideSolutionNode = FALSE
	EndGlobalSection
	GlobalSection(NestedProjects) = preSolution
		{29D282D4-7D10-4C4D-BB70-CBA2774D2776} = {0289C042-55F0-424E-8016-06976F8B2EF9}
		{E4AD8BAC-EA00-41FF-A51A-334E68AA6FC5} = {B3017005-4E93-4590-9273-C65E784E2C5A}
		{CD7D51B7-E7B8-421D-B774-6D807457FB04} = {B3017005-4E93-4590-9273-C65E784E2C5A}
	EndGlobalSection
	GlobalSection(ExtensibilityGlobals) = postSolution
		SolutionGuid = {E0B15D43-6CBE-45D0-B6B0-08E299249223}
	EndGlobalSection
EndGlobal
